
Microsoft Visual Studio Solution File, Format Version 12.00
Project("{FAE04EC0-301F-11D3-BF4B-00C04F79EFBC}") = "Final-Project", "Final-Project.csproj", "{0F5FE0EC-D35A-48A9-8FD0-30728CDD9076}"
EndProject
Global
	GlobalSection(SolutionConfigurationPlatforms) = preSolution
		Debug|Any CPU = Debug|Any CPU
		Release|Any CPU = Release|Any CPU
	EndGlobalSection
	GlobalSection(ProjectConfigurationPlatforms) = postSolution
		{0F5FE0EC-D35A-48A9-8FD0-30728CDD9076}.Debug|Any CPU.ActiveCfg = Debug|Any CPU
		{0F5FE0EC-D35A-48A9-8FD0-30728CDD9076}.Debug|Any CPU.Build.0 = Debug|Any CPU
		{0F5FE0EC-D35A-48A9-8FD0-30728CDD9076}.Release|Any CPU.ActiveCfg = Release|Any CPU
		{0F5FE0EC-D35A-48A9-8FD0-30728CDD9076}.Release|Any CPU.Build.0 = Release|Any CPU
	EndGlobalSection
EndGlobal
